
Microsoft Visual Studio Solution File, Format Version 12.00
# Visual Studio Version 16
VisualStudioVersion = 16.0.30804.86
MinimumVisualStudioVersion = 10.0.40219.1
Project("{FAE04EC0-301F-11D3-BF4B-00C04F79EFBC}") = "fatcatgui", "fatcatgui\fatcatgui.csproj", "{359D3040-5337-48C2-9687-4244CC3C53F1}"
EndProject
Global
	GlobalSection(SolutionConfigurationPlatforms) = preSolution
		Debug|Any CPU = Debug|Any CPU
		Release|Any CPU = Release|Any CPU
	EndGlobalSection
	GlobalSection(ProjectConfigurationPlatforms) = postSolution
		{359D3040-5337-48C2-9687-4244CC3C53F1}.Debug|Any CPU.ActiveCfg = Debug|Any CPU
		{359D3040-5337-48C2-9687-4244CC3C53F1}.Debug|Any CPU.Build.0 = Debug|Any CPU
		{359D3040-5337-48C2-9687-4244CC3C53F1}.Release|Any CPU.ActiveCfg = Release|Any CPU
		{359D3040-5337-48C2-9687-4244CC3C53F1}.Release|Any CPU.Build.0 = Release|Any CPU
	EndGlobalSection
	GlobalSection(SolutionProperties) = preSolution
		HideSolutionNode = FALSE
	EndGlobalSection
	GlobalSection(ExtensibilityGlobals) = postSolution
		SolutionGuid = {08D6C648-710F-4BDC-9417-EBECDC377BCD}
	EndGlobalSection
EndGlobal
